
Microsoft Visual Studio Solution File, Format Version 12.00
# Visual Studio Version 16
VisualStudioVersion = 16.0.31229.75
MinimumVisualStudioVersion = 10.0.40219.1
Project("{8BC9CEB8-8B4A-11D0-8D11-00A0C91BC942}") = "inpoutng", "inpoutng.vcxproj", "{0DD348C8-5F0E-4B35-A6D6-7C4521EF14C8}"
EndProject
Project("{8BC9CEB8-8B4A-11D0-8D11-00A0C91BC942}") = "inpout32drv", "..\dll\inpout32drv.vcxproj", "{18AEFF0B-D208-45B0-88E1-7057B9BA78F3}"
EndProject
Project("{8BC9CEB8-8B4A-11D0-8D11-00A0C91BC942}") = "InstallDriver", "..\dll\InstallDriver\InstallDriver.vcxproj", "{233B1347-4B15-42DC-AC23-C2FE2ABEAF54}"
	ProjectSection(ProjectDependencies) = postProject
		{18AEFF0B-D208-45B0-88E1-7057B9BA78F3} = {18AEFF0B-D208-45B0-88E1-7057B9BA78F3}
	EndProjectSection
EndProject
Project("{8BC9CEB8-8B4A-11D0-8D11-00A0C91BC942}") = "drvinstall", "..\drvinstall\drvinstall.vcxproj", "{10B816D9-298C-401D-9665-3B2B30A4C31D}"
EndProject
Project("{8BC9CEB8-8B4A-11D0-8D11-00A0C91BC942}") = "InpoutTest", "..\samples\cxx\InpoutTest.vcxproj", "{58A39D5D-C1DA-497F-A411-BD891EFD774F}"
	ProjectSection(ProjectDependencies) = postProject
		{18AEFF0B-D208-45B0-88E1-7057B9BA78F3} = {18AEFF0B-D208-45B0-88E1-7057B9BA78F3}
	EndProjectSection
EndProject
Global
	GlobalSection(SolutionConfigurationPlatforms) = preSolution
		Debug|ARM = Debug|ARM
		Debug|ARM64 = Debug|ARM64
		Debug|x64 = Debug|x64
		Debug|x86 = Debug|x86
		Release|ARM = Release|ARM
		Release|ARM64 = Release|ARM64
		Release|x64 = Release|x64
		Release|x86 = Release|x86
	EndGlobalSection
	GlobalSection(ProjectConfigurationPlatforms) = postSolution
		{0DD348C8-5F0E-4B35-A6D6-7C4521EF14C8}.Debug|ARM.ActiveCfg = Debug|ARM
		{0DD348C8-5F0E-4B35-A6D6-7C4521EF14C8}.Debug|ARM.Build.0 = Debug|ARM
		{0DD348C8-5F0E-4B35-A6D6-7C4521EF14C8}.Debug|ARM.Deploy.0 = Debug|ARM
		{0DD348C8-5F0E-4B35-A6D6-7C4521EF14C8}.Debug|ARM64.ActiveCfg = Debug|ARM64
		{0DD348C8-5F0E-4B35-A6D6-7C4521EF14C8}.Debug|ARM64.Build.0 = Debug|ARM64
		{0DD348C8-5F0E-4B35-A6D6-7C4521EF14C8}.Debug|ARM64.Deploy.0 = Debug|ARM64
		{0DD348C8-5F0E-4B35-A6D6-7C4521EF14C8}.Debug|x64.ActiveCfg = Debug|x64
		{0DD348C8-5F0E-4B35-A6D6-7C4521EF14C8}.Debug|x64.Build.0 = Debug|x64
		{0DD348C8-5F0E-4B35-A6D6-7C4521EF14C8}.Debug|x64.Deploy.0 = Debug|x64
		{0DD348C8-5F0E-4B35-A6D6-7C4521EF14C8}.Debug|x86.ActiveCfg = Debug|Win32
		{0DD348C8-5F0E-4B35-A6D6-7C4521EF14C8}.Debug|x86.Build.0 = Debug|Win32
		{0DD348C8-5F0E-4B35-A6D6-7C4521EF14C8}.Debug|x86.Deploy.0 = Debug|Win32
		{0DD348C8-5F0E-4B35-A6D6-7C4521EF14C8}.Release|ARM.ActiveCfg = Release|ARM
		{0DD348C8-5F0E-4B35-A6D6-7C4521EF14C8}.Release|ARM.Build.0 = Release|ARM
		{0DD348C8-5F0E-4B35-A6D6-7C4521EF14C8}.Release|ARM.Deploy.0 = Release|ARM
		{0DD348C8-5F0E-4B35-A6D6-7C4521EF14C8}.Release|ARM64.ActiveCfg = Release|ARM64
		{0DD348C8-5F0E-4B35-A6D6-7C4521EF14C8}.Release|ARM64.Build.0 = Release|ARM64
		{0DD348C8-5F0E-4B35-A6D6-7C4521EF14C8}.Release|ARM64.Deploy.0 = Release|ARM64
		{0DD348C8-5F0E-4B35-A6D6-7C4521EF14C8}.Release|x64.ActiveCfg = Release|x64
		{0DD348C8-5F0E-4B35-A6D6-7C4521EF14C8}.Release|x64.Build.0 = Release|x64
		{0DD348C8-5F0E-4B35-A6D6-7C4521EF14C8}.Release|x64.Deploy.0 = Release|x64
		{0DD348C8-5F0E-4B35-A6D6-7C4521EF14C8}.Release|x86.ActiveCfg = Release|Win32
		{0DD348C8-5F0E-4B35-A6D6-7C4521EF14C8}.Release|x86.Build.0 = Release|Win32
		{0DD348C8-5F0E-4B35-A6D6-7C4521EF14C8}.Release|x86.Deploy.0 = Release|Win32
		{18AEFF0B-D208-45B0-88E1-7057B9BA78F3}.Debug|ARM.ActiveCfg = Debug|Win32
		{18AEFF0B-D208-45B0-88E1-7057B9BA78F3}.Debug|ARM64.ActiveCfg = Debug|Win32
		{18AEFF0B-D208-45B0-88E1-7057B9BA78F3}.Debug|x64.ActiveCfg = Debug|x64
		{18AEFF0B-D208-45B0-88E1-7057B9BA78F3}.Debug|x64.Build.0 = Debug|x64
		{18AEFF0B-D208-45B0-88E1-7057B9BA78F3}.Debug|x86.ActiveCfg = Debug|Win32
		{18AEFF0B-D208-45B0-88E1-7057B9BA78F3}.Debug|x86.Build.0 = Debug|Win32
		{18AEFF0B-D208-45B0-88E1-7057B9BA78F3}.Release|ARM.ActiveCfg = Release|Win32
		{18AEFF0B-D208-45B0-88E1-7057B9BA78F3}.Release|ARM64.ActiveCfg = Release|Win32
		{18AEFF0B-D208-45B0-88E1-7057B9BA78F3}.Release|x64.ActiveCfg = Release|x64
		{18AEFF0B-D208-45B0-88E1-7057B9BA78F3}.Release|x64.Build.0 = Release|x64
		{18AEFF0B-D208-45B0-88E1-7057B9BA78F3}.Release|x86.ActiveCfg = Release|Win32
		{18AEFF0B-D208-45B0-88E1-7057B9BA78F3}.Release|x86.Build.0 = Release|Win32
		{233B1347-4B15-42DC-AC23-C2FE2ABEAF54}.Debug|ARM.ActiveCfg = Debug|Win32
		{233B1347-4B15-42DC-AC23-C2FE2ABEAF54}.Debug|ARM64.ActiveCfg = Debug|Win32
		{233B1347-4B15-42DC-AC23-C2FE2ABEAF54}.Debug|x64.ActiveCfg = Debug|x64
		{233B1347-4B15-42DC-AC23-C2FE2ABEAF54}.Debug|x64.Build.0 = Debug|x64
		{233B1347-4B15-42DC-AC23-C2FE2ABEAF54}.Debug|x86.ActiveCfg = Debug|Win32
		{233B1347-4B15-42DC-AC23-C2FE2ABEAF54}.Debug|x86.Build.0 = Debug|Win32
		{233B1347-4B15-42DC-AC23-C2FE2ABEAF54}.Release|ARM.ActiveCfg = Release|Win32
		{233B1347-4B15-42DC-AC23-C2FE2ABEAF54}.Release|ARM64.ActiveCfg = Release|Win32
		{233B1347-4B15-42DC-AC23-C2FE2ABEAF54}.Release|x64.ActiveCfg = Release|x64
		{233B1347-4B15-42DC-AC23-C2FE2ABEAF54}.Release|x64.Build.0 = Release|x64
		{233B1347-4B15-42DC-AC23-C2FE2ABEAF54}.Release|x86.ActiveCfg = Release|Win32
		{233B1347-4B15-42DC-AC23-C2FE2ABEAF54}.Release|x86.Build.0 = Release|Win32
		{10B816D9-298C-401D-9665-3B2B30A4C31D}.Debug|ARM.ActiveCfg = Debug|ARM
		{10B816D9-298C-401D-9665-3B2B30A4C31D}.Debug|ARM.Build.0 = Debug|ARM
		{10B816D9-298C-401D-9665-3B2B30A4C31D}.Debug|ARM.Deploy.0 = Debug|ARM
		{10B816D9-298C-401D-9665-3B2B30A4C31D}.Debug|ARM64.ActiveCfg = Debug|ARM64
		{10B816D9-298C-401D-9665-3B2B30A4C31D}.Debug|ARM64.Build.0 = Debug|ARM64
		{10B816D9-298C-401D-9665-3B2B30A4C31D}.Debug|ARM64.Deploy.0 = Debug|ARM64
		{10B816D9-298C-401D-9665-3B2B30A4C31D}.Debug|x64.ActiveCfg = Debug|x64
		{10B816D9-298C-401D-9665-3B2B30A4C31D}.Debug|x64.Build.0 = Debug|x64
		{10B816D9-298C-401D-9665-3B2B30A4C31D}.Debug|x64.Deploy.0 = Debug|x64
		{10B816D9-298C-401D-9665-3B2B30A4C31D}.Debug|x86.ActiveCfg = Debug|Win32
		{10B816D9-298C-401D-9665-3B2B30A4C31D}.Debug|x86.Build.0 = Debug|Win32
		{10B816D9-298C-401D-9665-3B2B30A4C31D}.Debug|x86.Deploy.0 = Debug|Win32
		{10B816D9-298C-401D-9665-3B2B30A4C31D}.Release|ARM.ActiveCfg = Release|ARM
		{10B816D9-298C-401D-9665-3B2B30A4C31D}.Release|ARM.Build.0 = Release|ARM
		{10B816D9-298C-401D-9665-3B2B30A4C31D}.Release|ARM.Deploy.0 = Release|ARM
		{10B816D9-298C-401D-9665-3B2B30A4C31D}.Release|ARM64.ActiveCfg = Release|ARM64
		{10B816D9-298C-401D-9665-3B2B30A4C31D}.Release|ARM64.Build.0 = Release|ARM64
		{10B816D9-298C-401D-9665-3B2B30A4C31D}.Release|ARM64.Deploy.0 = Release|ARM64
		{10B816D9-298C-401D-9665-3B2B30A4C31D}.Release|x64.ActiveCfg = Release|x64
		{10B816D9-298C-401D-9665-3B2B30A4C31D}.Release|x64.Build.0 = Release|x64
		{10B816D9-298C-401D-9665-3B2B30A4C31D}.Release|x64.Deploy.0 = Release|x64
		{10B816D9-298C-401D-9665-3B2B30A4C31D}.Release|x86.ActiveCfg = Release|Win32
		{10B816D9-298C-401D-9665-3B2B30A4C31D}.Release|x86.Build.0 = Release|Win32
		{10B816D9-298C-401D-9665-3B2B30A4C31D}.Release|x86.Deploy.0 = Release|Win32
		{58A39D5D-C1DA-497F-A411-BD891EFD774F}.Debug|ARM.ActiveCfg = Debug|Win32
		{58A39D5D-C1DA-497F-A411-BD891EFD774F}.Debug|ARM64.ActiveCfg = Debug|Win32
		{58A39D5D-C1DA-497F-A411-BD891EFD774F}.Debug|x64.ActiveCfg = Debug|x64
		{58A39D5D-C1DA-497F-A411-BD891EFD774F}.Debug|x64.Build.0 = Debug|x64
		{58A39D5D-C1DA-497F-A411-BD891EFD774F}.Debug|x86.ActiveCfg = Debug|Win32
		{58A39D5D-C1DA-497F-A411-BD891EFD774F}.Debug|x86.Build.0 = Debug|Win32
		{58A39D5D-C1DA-497F-A411-BD891EFD774F}.Release|ARM.ActiveCfg = Release|Win32
		{58A39D5D-C1DA-497F-A411-BD891EFD774F}.Release|ARM64.ActiveCfg = Release|Win32
		{58A39D5D-C1DA-497F-A411-BD891EFD774F}.Release|x64.ActiveCfg = Release|x64
		{58A39D5D-C1DA-497F-A411-BD891EFD774F}.Release|x64.Build.0 = Release|x64
		{58A39D5D-C1DA-497F-A411-BD891EFD774F}.Release|x86.ActiveCfg = Release|Win32
		{58A39D5D-C1DA-497F-A411-BD891EFD774F}.Release|x86.Build.0 = Release|Win32
	EndGlobalSection
	GlobalSection(SolutionProperties) = preSolution
		HideSolutionNode = FALSE
	EndGlobalSection
	GlobalSection(ExtensibilityGlobals) = postSolution
		SolutionGuid = {CE424290-C04D-4F2E-8AB8-11E006F6C64D}
	EndGlobalSection
EndGlobal
