<?xml version="1.0" encoding="utf-8"?>
<Project ToolsVersion="4.0" xmlns="http://schemas.microsoft.com/developer/msbuild/2003">
  <ItemGroup>
    <Filter Include="Source Files">
      <UniqueIdentifier>{db1c74ca-42cb-4936-8876-c9ecae9ff06d}</UniqueIdentifier>
      <Extensions>cpp;c;cxx;rc;def;r;odl;idl;hpj;bat</Extensions>
    </Filter>
    <Filter Include="Header Files">
      <UniqueIdentifier>{6be60ce8-57c0-4469-b2f7-ab0b500049c9}</UniqueIdentifier>
      <Extensions>h;hpp;hxx;hm;inl</Extensions>
    </Filter>
    <Filter Include="Resource Files">
      <UniqueIdentifier>{bada941f-e8a9-4cd3-bea7-cd38248529a2}</UniqueIdentifier>
      <Extensions>ico;cur;bmp;dlg;rc2;rct;bin;rgs;gif;jpg;jpeg;jpe</Extensions>
    </Filter>
  </ItemGroup>
  <ItemGroup>
    <ClCompile Include="inpout32drv.c">
      <Filter>Source Files</Filter>
    </ClCompile>
    <ClCompile Include="osversion.c">
      <Filter>Source Files</Filter>
    </ClCompile>
    <ClCompile Include="StdAfx.cpp">
      <Filter>Source Files</Filter>
    </ClCompile>
    <ClCompile Include="drvioport.c">
      <Filter>Source Files</Filter>
    </ClCompile>
    <ClCompile Include="drvinstall.c">
      <Filter>Source Files</Filter>
    </ClCompile>
    <ClCompile Include="drviomem.c">
      <Filter>Source Files</Filter>
    </ClCompile>
    <ClCompile Include="outmsg.c">
      <Filter>Source Files</Filter>
    </ClCompile>
    <ClCompile Include="cabextract.c">
      <Filter>Source Files</Filter>
    </ClCompile>
    <ClCompile Include="drvWindow.cpp">
      <Filter>Source Files</Filter>
    </ClCompile>
  </ItemGroup>
  <ItemGroup>
    <None Include="inpout32drv.def">
      <Filter>Source Files</Filter>
    </None>
    <None Include="..\drvinstall\disk1\inpoutng.cab" />
  </ItemGroup>
  <ItemGroup>
    <ClInclude Include="inpout32.h">
      <Filter>Header Files</Filter>
    </ClInclude>
    <ClInclude Include="resource.h">
      <Filter>Header Files</Filter>
    </ClInclude>
    <ClInclude Include="StdAfx.h">
      <Filter>Header Files</Filter>
    </ClInclude>
    <ClInclude Include="drvinstall.h">
      <Filter>Header Files</Filter>
    </ClInclude>
    <ClInclude Include="datadll.h">
      <Filter>Header Files</Filter>
    </ClInclude>
    <ClInclude Include="outmsg.h">
      <Filter>Header Files</Filter>
    </ClInclude>
  </ItemGroup>
  <ItemGroup>
    <Text Include="ReadMe.txt" />
  </ItemGroup>
  <ItemGroup>
    <ResourceCompile Include="inpout32drv.rc">
      <Filter>Resource Files</Filter>
    </ResourceCompile>
  </ItemGroup>
</Project>